// !$*UTF8*$!
{
	archiveVersion = 1;
	classes = {
	};
	objectVersion = 55;
	objects = {

/* Begin PBXBuildFile section */
		5DCB946F273BC28B00435F52 /* AppDelegate.swift in Sources */ = {isa = PBXBuildFile; fileRef = 5DCB946E273BC28B00435F52 /* AppDelegate.swift */; };
		5DCB9471273BC28B00435F52 /* SceneDelegate.swift in Sources */ = {isa = PBXBuildFile; fileRef = 5DCB9470273BC28B00435F52 /* SceneDelegate.swift */; };
		5DCB9473273BC28B00435F52 /* ViewController.swift in Sources */ = {isa = PBXBuildFile; fileRef = 5DCB9472273BC28B00435F52 /* ViewController.swift */; };
		5DCB9476273BC28B00435F52 /* Main.storyboard in Resources */ = {isa = PBXBuildFile; fileRef = 5DCB9474273BC28B00435F52 /* Main.storyboard */; };
		5DCB9478273BC28C00435F52 /* Assets.xcassets in Resources */ = {isa = PBXBuildFile; fileRef = 5DCB9477273BC28C00435F52 /* Assets.xcassets */; };
		5DCB947B273BC28C00435F52 /* LaunchScreen.storyboard in Resources */ = {isa = PBXBuildFile; fileRef = 5DCB9479273BC28C00435F52 /* LaunchScreen.storyboard */; };
		5DCB9485273BC2FF00435F52 /* lamp-remove.png in Resources */ = {isa = PBXBuildFile; fileRef = 5DCB9482273BC2FF00435F52 /* lamp-remove.png */; };
		5DCB9486273BC2FF00435F52 /* lamp-on.png in Resources */ = {isa = PBXBuildFile; fileRef = 5DCB9483273BC2FF00435F52 /* lamp-on.png */; };
		5DCB9487273BC2FF00435F52 /* lamp-off.png in Resources */ = {isa = PBXBuildFile; fileRef = 5DCB9484273BC2FF00435F52 /* lamp-off.png */; };
/* End PBXBuildFile section */

/* Begin PBXFileReference section */
		5DCB946B273BC28B00435F52 /* 04_MyAlert.app */ = {isa = PBXFileReference; explicitFileType = wrapper.application; includeInIndex = 0; path = 04_MyAlert.app; sourceTree = BUILT_PRODUCTS_DIR; };
		5DCB946E273BC28B00435F52 /* AppDelegate.swift */ = {isa = PBXFileReference; lastKnownFileType = sourcecode.swift; path = AppDelegate.swift; sourceTree = "<group>"; };
		5DCB9470273BC28B00435F52 /* SceneDelegate.swift */ = {isa = PBXFileReference; lastKnownFileType = sourcecode.swift; path = SceneDelegate.swift; sourceTree = "<group>"; };
		5DCB9472273BC28B00435F52 /* ViewController.swift */ = {isa = PBXFileReference; lastKnownFileType = sourcecode.swift; path = ViewController.swift; sourceTree = "<group>"; };
		5DCB9475273BC28B00435F52 /* Base */ = {isa = PBXFileReference; lastKnownFileType = file.storyboard; name = Base; path = Base.lproj/Main.storyboard; sourceTree = "<group>"; };
		5DCB9477273BC28C00435F52 /* Assets.xcassets */ = {isa = PBXFileReference; lastKnownFileType = folder.assetcatalog; path = Assets.xcassets; sourceTree = "<group>"; };
		5DCB947A273BC28C00435F52 /* Base */ = {isa = PBXFileReference; lastKnownFileType = file.storyboard; name = Base; path = Base.lproj/LaunchScreen.storyboard; sourceTree = "<group>"; };
		5DCB947C273BC28C00435F52 /* Info.plist */ = {isa = PBXFileReference; lastKnownFileType = text.plist.xml; path = Info.plist; sourceTree = "<group>"; };
		5DCB9482273BC2FF00435F52 /* lamp-remove.png */ = {isa = PBXFileReference; lastKnownFileType = image.png; path = "lamp-remove.png"; sourceTree = "<group>"; };
		5DCB9483273BC2FF00435F52 /* lamp-on.png */ = {isa = PBXFileReference; lastKnownFileType = image.png; path = "lamp-on.png"; sourceTree = "<group>"; };
		5DCB9484273BC2FF00435F52 /* lamp-off.png */ = {isa = PBXFileReference; lastKnownFileType = image.png; path = "lamp-off.png"; sourceTree = "<group>"; };
/* End PBXFileReference section */

/* Begin PBXFrameworksBuildPhase section */
		5DCB9468273BC28B00435F52 /* Frameworks */ = {
			isa = PBXFrameworksBuildPhase;
			buildActionMask = 2147483647;
			files = (
			);
			runOnlyForDeploymentPostprocessing = 0;
		};
/* End PBXFrameworksBuildPhase section */

/* Begin PBXGroup section */
		5DCB9462273BC28B00435F52 = {
			isa = PBXGroup;
			children = (
				5DCB946D273BC28B00435F52 /* 04_MyAlert */,
				5DCB946C273BC28B00435F52 /* Products */,
			);
			sourceTree = "<group>";
		};
		5DCB946C273BC28B00435F52 /* Products */ = {
			isa = PBXGroup;
			children = (
				5DCB946B273BC28B00435F52 /* 04_MyAlert.app */,
			);
			name = Products;
			sourceTree = "<group>";
		};
		5DCB946D273BC28B00435F52 /* 04_MyAlert */ = {
			isa = PBXGroup;
			children = (
				5DCB9484273BC2FF00435F52 /* lamp-off.png */,
				5DCB9483273BC2FF00435F52 /* lamp-on.png */,
				5DCB9482273BC2FF00435F52 /* lamp-remove.png */,
				5DCB946E273BC28B00435F52 /* AppDelegate.swift */,
				5DCB9470273BC28B00435F52 /* SceneDelegate.swift */,
				5DCB9472273BC28B00435F52 /* ViewController.swift */,
				5DCB9474273BC28B00435F52 /* Main.storyboard */,
				5DCB9477273BC28C00435F52 /* Assets.xcassets */,
				5DCB9479273BC28C00435F52 /* LaunchScreen.storyboard */,
				5DCB947C273BC28C00435F52 /* Info.plist */,
			);
			path = 04_MyAlert;
			sourceTree = "<group>";
		};
/* End PBXGroup section */

/* Begin PBXNativeTarget section */
		5DCB946A273BC28B00435F52 /* 04_MyAlert */ = {
			isa = PBXNativeTarget;
			buildConfigurationList = 5DCB947F273BC28C00435F52 /* Build configuration list for PBXNativeTarget "04_MyAlert" */;
			buildPhases = (
				5DCB9467273BC28B00435F52 /* Sources */,
				5DCB9468273BC28B00435F52 /* Frameworks */,
				5DCB9469273BC28B00435F52 /* Resources */,
			);
			buildRules = (
			);
			dependencies = (
			);
			name = 04_MyAlert;
			productName = 04_Alert;
			productReference = 5DCB946B273BC28B00435F52 /* 04_MyAlert.app */;
			productType = "com.apple.product-type.application";
		};
/* End PBXNativeTarget section */

/* Begin PBXProject section */
		5DCB9463273BC28B00435F52 /* Project object */ = {
			isa = PBXProject;
			attributes = {
				BuildIndependentTargetsInParallel = 1;
				LastSwiftUpdateCheck = 1310;
				LastUpgradeCheck = 1310;
				TargetAttributes = {
					5DCB946A273BC28B00435F52 = {
						CreatedOnToolsVersion = 13.1;
					};
				};
			};
			buildConfigurationList = 5DCB9466273BC28B00435F52 /* Build configuration list for PBXProject "04_MyAlert" */;
			compatibilityVersion = "Xcode 13.0";
			developmentRegion = en;
			hasScannedForEncodings = 0;
			knownRegions = (
				en,
				Base,
			);
			mainGroup = 5DCB9462273BC28B00435F52;
			productRefGroup = 5DCB946C273BC28B00435F52 /* Products */;
			projectDirPath = "";
			projectRoot = "";
			targets = (
				5DCB946A273BC28B00435F52 /* 04_MyAlert */,
			);
		};
/* End PBXProject section */

/* Begin PBXResourcesBuildPhase section */
		5DCB9469273BC28B00435F52 /* Resources */ = {
			isa = PBXResourcesBuildPhase;
			buildActionMask = 2147483647;
			files = (
				5DCB947B273BC28C00435F52 /* LaunchScreen.storyboard in Resources */,
				5DCB9487273BC2FF00435F52 /* lamp-off.png in Resources */,
				5DCB9478273BC28C00435F52 /* Assets.xcassets in Resources */,
				5DCB9476273BC28B00435F52 /* Main.storyboard in Resources */,
				5DCB9485273BC2FF00435F52 /* lamp-remove.png in Resources */,
				5DCB9486273BC2FF00435F52 /* lamp-on.png in Resources */,
			);
			runOnlyForDeploymentPostprocessing = 0;
		};
/* End PBXResourcesBuildPhase section */

/* Begin PBXSourcesBuildPhase section */
		5DCB9467273BC28B00435F52 /* Sources */ = {
			isa = PBXSourcesBuildPhase;
			buildActionMask = 2147483647;
			files = (
				5DCB9473273BC28B00435F52 /* ViewController.swift in Sources */,
				5DCB946F273BC28B00435F52 /* AppDelegate.swift in Sources */,
				5DCB9471273BC28B00435F52 /* SceneDelegate.swift in Sources */,
			);
			runOnlyForDeploymentPostprocessing = 0;
		};
/* End PBXSourcesBuildPhase section */

/* Begin PBXVariantGroup section */
		5DCB9474273BC28B00435F52 /* Main.storyboard */ = {
			isa = PBXVariantGroup;
			children = (
				5DCB9475273BC28B00435F52 /* Base */,
			);
			name = Main.storyboard;
			sourceTree = "<group>";
		};
		5DCB9479273BC28C00435F52 /* LaunchScreen.storyboard */ = {
			isa = PBXVariantGroup;
			children = (
				5DCB947A273BC28C00435F52 /* Base */,
			);
			name = LaunchScreen.storyboard;
			sourceTree = "<group>";
		};
/* End PBXVariantGroup section */

/* Begin XCBuildConfiguration section */
		5DCB947D273BC28C00435F52 /* Debug */ = {
			isa = XCBuildConfiguration;
			buildSettings = {
				ALWAYS_SEARCH_USER_PATHS = NO;
				CLANG_ANALYZER_NONNULL = YES;
				CLANG_ANALYZER_NUMBER_OBJECT_CONVERSION = YES_AGGRESSIVE;
				CLANG_CXX_LANGUAGE_STANDARD = "gnu++17";
				CLANG_CXX_LIBRARY = "libc++";
				CLANG_ENABLE_MODULES = YES;
				CLANG_ENABLE_OBJC_ARC = YES;
				CLANG_ENABLE_OBJC_WEAK = YES;
				CLANG_WARN_BLOCK_CAPTURE_AUTORELEASING = YES;
				CLANG_WARN_BOOL_CONVERSION = YES;
				CLANG_WARN_COMMA = YES;
				CLANG_WARN_CONSTANT_CONVERSION = YES;
				CLANG_WARN_DEPRECATED_OBJC_IMPLEMENTATIONS = YES;
				CLANG_WARN_DIRECT_OBJC_ISA_USAGE = YES_ERROR;
				CLANG_WARN_DOCUMENTATION_COMMENTS = YES;
				CLANG_WARN_EMPTY_BODY = YES;
				CLANG_WARN_ENUM_CONVERSION = YES;
				CLANG_WARN_INFINITE_RECURSION = YES;
				CLANG_WARN_INT_CONVERSION = YES;
				CLANG_WARN_NON_LITERAL_NULL_CONVERSION = YES;
				CLANG_WARN_OBJC_IMPLICIT_RETAIN_SELF = YES;
				CLANG_WARN_OBJC_LITERAL_CONVERSION = YES;
				CLANG_WARN_OBJC_ROOT_CLASS = YES_ERROR;
				CLANG_WARN_QUOTED_INCLUDE_IN_FRAMEWORK_HEADER = YES;
				CLANG_WARN_RANGE_LOOP_ANALYSIS = YES;
				CLANG_WARN_STRICT_PROTOTYPES = YES;
				CLANG_WARN_SUSPICIOUS_MOVE = YES;
				CLANG_WARN_UNGUARDED_AVAILABILITY = YES_AGGRESSIVE;
				CLANG_WARN_UNREACHABLE_CODE = YES;
				CLANG_WARN__DUPLICATE_METHOD_MATCH = YES;
				COPY_PHASE_STRIP = NO;
				DEBUG_INFORMATION_FORMAT = dwarf;
				ENABLE_STRICT_OBJC_MSGSEND = YES;
				ENABLE_TESTABILITY = YES;
				GCC_C_LANGUAGE_STANDARD = gnu11;
				GCC_DYNAMIC_NO_PIC = NO;
				GCC_NO_COMMON_BLOCKS = YES;
				GCC_OPTIMIZATION_LEVEL = 0;
				GCC_PREPROCESSOR_DEFINITIONS = (
					"DEBUG=1",
					"$(inherited)",
				);
				GCC_WARN_64_TO_32_BIT_CONVERSION = YES;
				GCC_WARN_ABOUT_RETURN_TYPE = YES_ERROR;
				GCC_WARN_UNDECLARED_SELECTOR = YES;
				GCC_WARN_UNINITIALIZED_AUTOS = YES_AGGRESSIVE;
				GCC_WARN_UNUSED_FUNCTION = YES;
				GCC_WARN_UNUSED_VARIABLE = YES;
				IPHONEOS_DEPLOYMENT_TARGET = 15.0;
				MTL_ENABLE_DEBUG_INFO = INCLUDE_SOURCE;
				MTL_FAST_MATH = YES;
				ONLY_ACTIVE_ARCH = YES;
				SDKROOT = iphoneos;
				SWIFT_ACTIVE_COMPILATION_CONDITIONS = DEBUG;
				SWIFT_OPTIMIZATION_LEVEL = "-Onone";
			};
			name = Debug;
		};
		5DCB947E273BC28C00435F52 /* Release */ = {
			isa = XCBuildConfiguration;
			buildSettings = {
				ALWAYS_SEARCH_USER_PATHS = NO;
				CLANG_ANALYZER_NONNULL = YES;
				CLANG_ANALYZER_NUMBER_OBJECT_CONVERSION = YES_AGGRESSIVE;
				CLANG_CXX_LANGUAGE_STANDARD = "gnu++17";
				CLANG_CXX_LIBRARY = "libc++";
				CLANG_ENABLE_MODULES = YES;
				CLANG_ENABLE_OBJC_ARC = YES;
				CLANG_ENABLE_OBJC_WEAK = YES;
				CLANG_WARN_BLOCK_CAPTURE_AUTORELEASING = YES;
				CLANG_WARN_BOOL_CONVERSION = YES;
				CLANG_WARN_COMMA = YES;
				CLANG_WARN_CONSTANT_CONVERSION = YES;
				CLANG_WARN_DEPRECATED_OBJC_IMPLEMENTATIONS = YES;
				CLANG_WARN_DIRECT_OBJC_ISA_USAGE = YES_ERROR;
				CLANG_WARN_DOCUMENTATION_COMMENTS = YES;
				CLANG_WARN_EMPTY_BODY = YES;
				CLANG_WARN_ENUM_CONVERSION = YES;
				CLANG_WARN_INFINITE_RECURSION = YES;
				CLANG_WARN_INT_CONVERSION = YES;
				CLANG_WARN_NON_LITERAL_NULL_CONVERSION = YES;
				CLANG_WARN_OBJC_IMPLICIT_RETAIN_SELF = YES;
				CLANG_WARN_OBJC_LITERAL_CONVERSION = YES;
				CLANG_WARN_OBJC_ROOT_CLASS = YES_ERROR;
				CLANG_WARN_QUOTED_INCLUDE_IN_FRAMEWORK_HEADER = YES;
				CLANG_WARN_RANGE_LOOP_ANALYSIS = YES;
				CLANG_WARN_STRICT_PROTOTYPES = YES;
				CLANG_WARN_SUSPICIOUS_MOVE = YES;
				CLANG_WARN_UNGUARDED_AVAILABILITY = YES_AGGRESSIVE;
				CLANG_WARN_UNREACHABLE_CODE = YES;
				CLANG_WARN__DUPLICATE_METHOD_MATCH = YES;
				COPY_PHASE_STRIP = NO;
				DEBUG_INFORMATION_FORMAT = "dwarf-with-dsym";
				ENABLE_NS_ASSERTIONS = NO;
				ENABLE_STRICT_OBJC_MSGSEND = YES;
				GCC_C_LANGUAGE_STANDARD = gnu11;
				GCC_NO_COMMON_BLOCKS = YES;
				GCC_WARN_64_TO_32_BIT_CONVERSION = YES;
				GCC_WARN_ABOUT_RETURN_TYPE = YES_ERROR;
				GCC_WARN_UNDECLARED_SELECTOR = YES;
				GCC_WARN_UNINITIALIZED_AUTOS = YES_AGGRESSIVE;
				GCC_WARN_UNUSED_FUNCTION = YES;
				GCC_WARN_UNUSED_VARIABLE = YES;
				IPHONEOS_DEPLOYMENT_TARGET = 15.0;
				MTL_ENABLE_DEBUG_INFO = NO;
				MTL_FAST_MATH = YES;
				SDKROOT = iphoneos;
				SWIFT_COMPILATION_MODE = wholemodule;
				SWIFT_OPTIMIZATION_LEVEL = "-O";
				VALIDATE_PRODUCT = YES;
			};
			name = Release;
		};
		5DCB9480273BC28C00435F52 /* Debug */ = {
			isa = XCBuildConfiguration;
			buildSettings = {
				ASSETCATALOG_COMPILER_APPICON_NAME = AppIcon;
				ASSETCATALOG_COMPILER_GLOBAL_ACCENT_COLOR_NAME = AccentColor;
				CODE_SIGN_STYLE = Automatic;
				CURRENT_PROJECT_VERSION = 1;
				DEVELOPMENT_TEAM = Y5984QYT9S;
				GENERATE_INFOPLIST_FILE = YES;
				INFOPLIST_FILE = 04_MyAlert/Info.plist;
				INFOPLIST_KEY_UIApplicationSupportsIndirectInputEvents = YES;
				INFOPLIST_KEY_UILaunchStoryboardName = LaunchScreen;
				INFOPLIST_KEY_UIMainStoryboardFile = Main;
				INFOPLIST_KEY_UISupportedInterfaceOrientations_iPad = "UIInterfaceOrientationPortrait UIInterfaceOrientationPortraitUpsideDown UIInterfaceOrientationLandscapeLeft UIInterfaceOrientationLandscapeRight";
				INFOPLIST_KEY_UISupportedInterfaceOrientations_iPhone = "UIInterfaceOrientationPortrait UIInterfaceOrientationLandscapeLeft UIInterfaceOrientationLandscapeRight";
				LD_RUNPATH_SEARCH_PATHS = (
					"$(inherited)",
					"@executable_path/Frameworks",
				);
				MARKETING_VERSION = 1.0;
				PRODUCT_BUNDLE_IDENTIFIER = "deforeturn.-4-MyAlert";
				PRODUCT_NAME = "$(TARGET_NAME)";
				SWIFT_EMIT_LOC_STRINGS = YES;
				SWIFT_VERSION = 5.0;
				TARGETED_DEVICE_FAMILY = "1,2";
			};
			name = Debug;
		};
		5DCB9481273BC28C00435F52 /* Release */ = {
			isa = XCBuildConfiguration;
			buildSettings = {
				ASSETCATALOG_COMPILER_APPICON_NAME = AppIcon;
				ASSETCATALOG_COMPILER_GLOBAL_ACCENT_COLOR_NAME = AccentColor;
				CODE_SIGN_STYLE = Automatic;
				CURRENT_PROJECT_VERSION = 1;
				DEVELOPMENT_TEAM = Y5984QYT9S;
				GENERATE_INFOPLIST_FILE = YES;
				INFOPLIST_FILE = 04_MyAlert/Info.plist;
				INFOPLIST_KEY_UIApplicationSupportsIndirectInputEvents = YES;
				INFOPLIST_KEY_UILaunchStoryboardName = LaunchScreen;
				INFOPLIST_KEY_UIMainStoryboardFile = Main;
				INFOPLIST_KEY_UISupportedInterfaceOrientations_iPad = "UIInterfaceOrientationPortrait UIInterfaceOrientationPortraitUpsideDown UIInterfaceOrientationLandscapeLeft UIInterfaceOrientationLandscapeRight";
				INFOPLIST_KEY_UISupportedInterfaceOrientations_iPhone = "UIInterfaceOrientationPortrait UIInterfaceOrientationLandscapeLeft UIInterfaceOrientationLandscapeRight";
				LD_RUNPATH_SEARCH_PATHS = (
					"$(inherited)",
					"@executable_path/Frameworks",
				);
				MARKETING_VERSION = 1.0;
				PRODUCT_BUNDLE_IDENTIFIER = "deforeturn.-4-MyAlert";
				PRODUCT_NAME = "$(TARGET_NAME)";
				SWIFT_EMIT_LOC_STRINGS = YES;
				SWIFT_VERSION = 5.0;
				TARGETED_DEVICE_FAMILY = "1,2";
			};
			name = Release;
		};
/* End XCBuildConfiguration section */

/* Begin XCConfigurationList section */
		5DCB9466273BC28B00435F52 /* Build configuration list for PBXProject "04_MyAlert" */ = {
			isa = XCConfigurationList;
			buildConfigurations = (
				5DCB947D273BC28C00435F52 /* Debug */,
				5DCB947E273BC28C00435F52 /* Release */,
			);
			defaultConfigurationIsVisible = 0;
			defaultConfigurationName = Release;
		};
		5DCB947F273BC28C00435F52 /* Build configuration list for PBXNativeTarget "04_MyAlert" */ = {
			isa = XCConfigurationList;
			buildConfigurations = (
				5DCB9480273BC28C00435F52 /* Debug */,
				5DCB9481273BC28C00435F52 /* Release */,
			);
			defaultConfigurationIsVisible = 0;
			defaultConfigurationName = Release;
		};
/* End XCConfigurationList section */
	};
	rootObject = 5DCB9463273BC28B00435F52 /* Project object */;
}
